{
  "name": "PSI",
  "lockfileVersion": 2,
  "requires": true,
  "packages": {
    "": {
      "dependencies": {
        "vue-spinner": "^1.0.4"
      }
    },
    "node_modules/vue-spinner": {
      "version": "1.0.4",
      "resolved": "https://registry.npmjs.org/vue-spinner/-/vue-spinner-1.0.4.tgz",
      "integrity": "sha512-GNG2F+8BLX201JT/jUX+84Gsi3ZteVQwt9K7mues3ts9FcQ95dGn7uu6a5ndSxdYYUEzfh1KngZiOE0u+l4itA=="
    }
  },
  "dependencies": {
    "vue-spinner": {
      "version": "1.0.4",
      "resolved": "https://registry.npmjs.org/vue-spinner/-/vue-spinner-1.0.4.tgz",
      "integrity": "sha512-GNG2F+8BLX201JT/jUX+84Gsi3ZteVQwt9K7mues3ts9FcQ95dGn7uu6a5ndSxdYYUEzfh1KngZiOE0u+l4itA=="
    }
  }
}
